
Microsoft Visual Studio Solution File, Format Version 12.00
# Visual Studio Version 17
VisualStudioVersion = 17.2.32630.192
MinimumVisualStudioVersion = 10.0.40219.1
Project("{2150E333-8FDC-42A3-9474-1A3956D46DE8}") = "BuildingBlocks", "BuildingBlocks", "{B884AE05-57F3-4180-AF20-E9B5A1EF1246}"
EndProject
Project("{2150E333-8FDC-42A3-9474-1A3956D46DE8}") = "Services", "Services", "{61D18E5D-25BD-4DAC-8D9E-8EC8D2EB6A6E}"
EndProject
Project("{2150E333-8FDC-42A3-9474-1A3956D46DE8}") = "Web", "Web", "{9E114E24-3F98-43BB-BF7E-079018AF08DC}"
EndProject
Project("{2150E333-8FDC-42A3-9474-1A3956D46DE8}") = "src", "src", "{08D7569E-8073-4D89-B5E1-F677183DF577}"
EndProject
Project("{2150E333-8FDC-42A3-9474-1A3956D46DE8}") = "Identity", "Identity", "{D22CA0A3-5C45-4AFD-9F82-46FEEDC295FB}"
EndProject
Project("{9A19103F-16F7-4668-BE54-9A1E7A4F7556}") = "NSE.Identity.API", "src\services\NSE.Identity.API\NSE.Identity.API.csproj", "{6E4AEA58-FAE2-4370-BDE2-FC2EB663849D}"
EndProject
Project("{2150E333-8FDC-42A3-9474-1A3956D46DE8}") = "MVC", "MVC", "{7AEAE1CD-7578-46CF-9C8E-E8DAC5FB099A}"
EndProject
Project("{9A19103F-16F7-4668-BE54-9A1E7A4F7556}") = "NSE.WebApp.MVC", "src\web\NSE.WebApp.MVC\NSE.WebApp.MVC.csproj", "{EE8BF193-B8EC-468F-A515-92A8E69C2DE6}"
EndProject
Project("{2150E333-8FDC-42A3-9474-1A3956D46DE8}") = "Core", "Core", "{F6D0E12A-D4A3-4D93-8C58-35CFC4042D30}"
EndProject
Project("{FAE04EC0-301F-11D3-BF4B-00C04F79EFBC}") = "NSE.Core", "src\building.blocks\NSE.Core\NSE.Core.csproj", "{ECB714F1-DE27-4207-8E7C-4FA7FC442247}"
EndProject
Project("{2150E333-8FDC-42A3-9474-1A3956D46DE8}") = "Carrinho", "Carrinho", "{DAC64858-794B-484F-994B-FC5BF9EF9E95}"
EndProject
Project("{FAE04EC0-301F-11D3-BF4B-00C04F79EFBC}") = "NSE.Carrinho.API", "src\services\NSE.Carrinho.API\NSE.Carrinho.API.csproj", "{032DC227-2821-4957-BB87-6047534A734A}"
EndProject
Project("{2150E333-8FDC-42A3-9474-1A3956D46DE8}") = "Catalogo", "Catalogo", "{54C6C4C9-A59E-4DD3-B773-E864AA544EEF}"
EndProject
Project("{FAE04EC0-301F-11D3-BF4B-00C04F79EFBC}") = "NSE.Catalogo.API", "src\services\NSE.Catalogo.API\NSE.Catalogo.API.csproj", "{AA6654BE-52F5-447B-9FCA-9AD9B57ABEF7}"
EndProject
Project("{2150E333-8FDC-42A3-9474-1A3956D46DE8}") = "Cliente", "Cliente", "{938342CE-6693-4D3D-9861-C25A81178D09}"
EndProject
Project("{FAE04EC0-301F-11D3-BF4B-00C04F79EFBC}") = "NSE.Cliente.API", "src\services\NSE.Cliente.API\NSE.Cliente.API.csproj", "{142F9DA6-B09C-4016-A031-6694D956C188}"
EndProject
Project("{2150E333-8FDC-42A3-9474-1A3956D46DE8}") = "Pagamento", "Pagamento", "{D7FC8903-8896-4BC1-A565-CBFEAB3B237C}"
EndProject
Project("{FAE04EC0-301F-11D3-BF4B-00C04F79EFBC}") = "NSE.Pagamento.API", "src\services\NSE.Pagamento.API\NSE.Pagamento.API.csproj", "{8CFBCEAD-1ECA-4F16-83B3-CE7F2717C28D}"
EndProject
Project("{2150E333-8FDC-42A3-9474-1A3956D46DE8}") = "Pedido", "Pedido", "{C1A7CF2E-A589-4478-8812-379A8152ECF5}"
EndProject
Project("{FAE04EC0-301F-11D3-BF4B-00C04F79EFBC}") = "NSE.Pedido.API", "src\services\NSE.Pedido.API\NSE.Pedido.API.csproj", "{BEB41352-2CA3-47AF-AB1B-D31F81625E6F}"
EndProject
Global
	GlobalSection(SolutionConfigurationPlatforms) = preSolution
		Debug|Any CPU = Debug|Any CPU
		Release|Any CPU = Release|Any CPU
	EndGlobalSection
	GlobalSection(ProjectConfigurationPlatforms) = postSolution
		{6E4AEA58-FAE2-4370-BDE2-FC2EB663849D}.Debug|Any CPU.ActiveCfg = Debug|Any CPU
		{6E4AEA58-FAE2-4370-BDE2-FC2EB663849D}.Debug|Any CPU.Build.0 = Debug|Any CPU
		{6E4AEA58-FAE2-4370-BDE2-FC2EB663849D}.Release|Any CPU.ActiveCfg = Release|Any CPU
		{6E4AEA58-FAE2-4370-BDE2-FC2EB663849D}.Release|Any CPU.Build.0 = Release|Any CPU
		{EE8BF193-B8EC-468F-A515-92A8E69C2DE6}.Debug|Any CPU.ActiveCfg = Debug|Any CPU
		{EE8BF193-B8EC-468F-A515-92A8E69C2DE6}.Debug|Any CPU.Build.0 = Debug|Any CPU
		{EE8BF193-B8EC-468F-A515-92A8E69C2DE6}.Release|Any CPU.ActiveCfg = Release|Any CPU
		{EE8BF193-B8EC-468F-A515-92A8E69C2DE6}.Release|Any CPU.Build.0 = Release|Any CPU
		{ECB714F1-DE27-4207-8E7C-4FA7FC442247}.Debug|Any CPU.ActiveCfg = Debug|Any CPU
		{ECB714F1-DE27-4207-8E7C-4FA7FC442247}.Debug|Any CPU.Build.0 = Debug|Any CPU
		{ECB714F1-DE27-4207-8E7C-4FA7FC442247}.Release|Any CPU.ActiveCfg = Release|Any CPU
		{ECB714F1-DE27-4207-8E7C-4FA7FC442247}.Release|Any CPU.Build.0 = Release|Any CPU
		{032DC227-2821-4957-BB87-6047534A734A}.Debug|Any CPU.ActiveCfg = Debug|Any CPU
		{032DC227-2821-4957-BB87-6047534A734A}.Debug|Any CPU.Build.0 = Debug|Any CPU
		{032DC227-2821-4957-BB87-6047534A734A}.Release|Any CPU.ActiveCfg = Release|Any CPU
		{032DC227-2821-4957-BB87-6047534A734A}.Release|Any CPU.Build.0 = Release|Any CPU
		{AA6654BE-52F5-447B-9FCA-9AD9B57ABEF7}.Debug|Any CPU.ActiveCfg = Debug|Any CPU
		{AA6654BE-52F5-447B-9FCA-9AD9B57ABEF7}.Debug|Any CPU.Build.0 = Debug|Any CPU
		{AA6654BE-52F5-447B-9FCA-9AD9B57ABEF7}.Release|Any CPU.ActiveCfg = Release|Any CPU
		{AA6654BE-52F5-447B-9FCA-9AD9B57ABEF7}.Release|Any CPU.Build.0 = Release|Any CPU
		{142F9DA6-B09C-4016-A031-6694D956C188}.Debug|Any CPU.ActiveCfg = Debug|Any CPU
		{142F9DA6-B09C-4016-A031-6694D956C188}.Debug|Any CPU.Build.0 = Debug|Any CPU
		{142F9DA6-B09C-4016-A031-6694D956C188}.Release|Any CPU.ActiveCfg = Release|Any CPU
		{142F9DA6-B09C-4016-A031-6694D956C188}.Release|Any CPU.Build.0 = Release|Any CPU
		{8CFBCEAD-1ECA-4F16-83B3-CE7F2717C28D}.Debug|Any CPU.ActiveCfg = Debug|Any CPU
		{8CFBCEAD-1ECA-4F16-83B3-CE7F2717C28D}.Debug|Any CPU.Build.0 = Debug|Any CPU
		{8CFBCEAD-1ECA-4F16-83B3-CE7F2717C28D}.Release|Any CPU.ActiveCfg = Release|Any CPU
		{8CFBCEAD-1ECA-4F16-83B3-CE7F2717C28D}.Release|Any CPU.Build.0 = Release|Any CPU
		{BEB41352-2CA3-47AF-AB1B-D31F81625E6F}.Debug|Any CPU.ActiveCfg = Debug|Any CPU
		{BEB41352-2CA3-47AF-AB1B-D31F81625E6F}.Debug|Any CPU.Build.0 = Debug|Any CPU
		{BEB41352-2CA3-47AF-AB1B-D31F81625E6F}.Release|Any CPU.ActiveCfg = Release|Any CPU
		{BEB41352-2CA3-47AF-AB1B-D31F81625E6F}.Release|Any CPU.Build.0 = Release|Any CPU
	EndGlobalSection
	GlobalSection(SolutionProperties) = preSolution
		HideSolutionNode = FALSE
	EndGlobalSection
	GlobalSection(NestedProjects) = preSolution
		{B884AE05-57F3-4180-AF20-E9B5A1EF1246} = {08D7569E-8073-4D89-B5E1-F677183DF577}
		{61D18E5D-25BD-4DAC-8D9E-8EC8D2EB6A6E} = {08D7569E-8073-4D89-B5E1-F677183DF577}
		{9E114E24-3F98-43BB-BF7E-079018AF08DC} = {08D7569E-8073-4D89-B5E1-F677183DF577}
		{D22CA0A3-5C45-4AFD-9F82-46FEEDC295FB} = {61D18E5D-25BD-4DAC-8D9E-8EC8D2EB6A6E}
		{6E4AEA58-FAE2-4370-BDE2-FC2EB663849D} = {D22CA0A3-5C45-4AFD-9F82-46FEEDC295FB}
		{7AEAE1CD-7578-46CF-9C8E-E8DAC5FB099A} = {9E114E24-3F98-43BB-BF7E-079018AF08DC}
		{EE8BF193-B8EC-468F-A515-92A8E69C2DE6} = {7AEAE1CD-7578-46CF-9C8E-E8DAC5FB099A}
		{F6D0E12A-D4A3-4D93-8C58-35CFC4042D30} = {B884AE05-57F3-4180-AF20-E9B5A1EF1246}
		{ECB714F1-DE27-4207-8E7C-4FA7FC442247} = {F6D0E12A-D4A3-4D93-8C58-35CFC4042D30}
		{DAC64858-794B-484F-994B-FC5BF9EF9E95} = {61D18E5D-25BD-4DAC-8D9E-8EC8D2EB6A6E}
		{032DC227-2821-4957-BB87-6047534A734A} = {DAC64858-794B-484F-994B-FC5BF9EF9E95}
		{54C6C4C9-A59E-4DD3-B773-E864AA544EEF} = {61D18E5D-25BD-4DAC-8D9E-8EC8D2EB6A6E}
		{AA6654BE-52F5-447B-9FCA-9AD9B57ABEF7} = {54C6C4C9-A59E-4DD3-B773-E864AA544EEF}
		{938342CE-6693-4D3D-9861-C25A81178D09} = {61D18E5D-25BD-4DAC-8D9E-8EC8D2EB6A6E}
		{142F9DA6-B09C-4016-A031-6694D956C188} = {938342CE-6693-4D3D-9861-C25A81178D09}
		{D7FC8903-8896-4BC1-A565-CBFEAB3B237C} = {61D18E5D-25BD-4DAC-8D9E-8EC8D2EB6A6E}
		{8CFBCEAD-1ECA-4F16-83B3-CE7F2717C28D} = {D7FC8903-8896-4BC1-A565-CBFEAB3B237C}
		{C1A7CF2E-A589-4478-8812-379A8152ECF5} = {61D18E5D-25BD-4DAC-8D9E-8EC8D2EB6A6E}
		{BEB41352-2CA3-47AF-AB1B-D31F81625E6F} = {C1A7CF2E-A589-4478-8812-379A8152ECF5}
	EndGlobalSection
	GlobalSection(ExtensibilityGlobals) = postSolution
		SolutionGuid = {E2D86A6A-F068-40E6-9850-C5F6307ACE16}
	EndGlobalSection
EndGlobal
